Microsoft Visual Studio Solution File, Format Version 12.00
# Visual Studio Version 17
VisualStudioVersion = 17.5.2.0
MinimumVisualStudioVersion = 10.0.40219.1
Project("{FAE04EC0-301F-11D3-BF4B-00C04F79EFBC}") = "Liga2", "Liga2.csproj", "{BEA32AB5-FBE5-8307-2AAD-A91D918EFBDC}"
EndProject
Global
	GlobalSection(SolutionConfigurationPlatforms) = preSolution
		Debug|Any CPU = Debug|Any CPU
		Release|Any CPU = Release|Any CPU
	EndGlobalSection
	GlobalSection(ProjectConfigurationPlatforms) = postSolution
		{BEA32AB5-FBE5-8307-2AAD-A91D918EFBDC}.Debug|Any CPU.ActiveCfg = Debug|Any CPU
		{BEA32AB5-FBE5-8307-2AAD-A91D918EFBDC}.Debug|Any CPU.Build.0 = Debug|Any CPU
		{BEA32AB5-FBE5-8307-2AAD-A91D918EFBDC}.Release|Any CPU.ActiveCfg = Release|Any CPU
		{BEA32AB5-FBE5-8307-2AAD-A91D918EFBDC}.Release|Any CPU.Build.0 = Release|Any CPU
	EndGlobalSection
	GlobalSection(SolutionProperties) = preSolution
		HideSolutionNode = FALSE
	EndGlobalSection
	GlobalSection(ExtensibilityGlobals) = postSolution
		SolutionGuid = {3CA37F2D-0025-4C48-9B8F-5796316DF412}
	EndGlobalSection
EndGlobal
